// !$*UTF8*$!
{
	archiveVersion = 1;
	classes = {
	};
	objectVersion = 56;
	objects = {

/* Begin PBXBuildFile section */
		D6867CB12B34E64700B114BC /* AppDelegate.swift in Sources */ = {isa = PBXBuildFile; fileRef = D6867CB02B34E64700B114BC /* AppDelegate.swift */; };
		D6867CB32B34E64700B114BC /* ViewController.swift in Sources */ = {isa = PBXBuildFile; fileRef = D6867CB22B34E64700B114BC /* ViewController.swift */; };
		D6867CB52B34E64800B114BC /* Assets.xcassets in Resources */ = {isa = PBXBuildFile; fileRef = D6867CB42B34E64800B114BC /* Assets.xcassets */; };
		D6867CB82B34E64800B114BC /* Main.storyboard in Resources */ = {isa = PBXBuildFile; fileRef = D6867CB62B34E64800B114BC /* Main.storyboard */; };
		D6867CC32B34E64800B114BC /* GetWebSitePDFTests.swift in Sources */ = {isa = PBXBuildFile; fileRef = D6867CC22B34E64800B114BC /* GetWebSitePDFTests.swift */; };
		D6867CCD2B34E64800B114BC /* GetWebSitePDFUITests.swift in Sources */ = {isa = PBXBuildFile; fileRef = D6867CCC2B34E64800B114BC /* GetWebSitePDFUITests.swift */; };
		D6867CCF2B34E64800B114BC /* GetWebSitePDFUITestsLaunchTests.swift in Sources */ = {isa = PBXBuildFile; fileRef = D6867CCE2B34E64800B114BC /* GetWebSitePDFUITestsLaunchTests.swift */; };
		D6867CDC2B34E7AD00B114BC /* WebViewKit.swift in Sources */ = {isa = PBXBuildFile; fileRef = D6867CDB2B34E7AD00B114BC /* WebViewKit.swift */; };
/* End PBXBuildFile section */

/* Begin PBXContainerItemProxy section */
		D6867CBF2B34E64800B114BC /* PBXContainerItemProxy */ = {
			isa = PBXContainerItemProxy;
			containerPortal = D6867CA52B34E64700B114BC /* Project object */;
			proxyType = 1;
			remoteGlobalIDString = D6867CAC2B34E64700B114BC;
			remoteInfo = GetWebSitePDF;
		};
		D6867CC92B34E64800B114BC /* PBXContainerItemProxy */ = {
			isa = PBXContainerItemProxy;
			containerPortal = D6867CA52B34E64700B114BC /* Project object */;
			proxyType = 1;
			remoteGlobalIDString = D6867CAC2B34E64700B114BC;
			remoteInfo = GetWebSitePDF;
		};
/* End PBXContainerItemProxy section */

/* Begin PBXFileReference section */
		D6867CAD2B34E64700B114BC /* GetWebSitePDF.app */ = {isa = PBXFileReference; explicitFileType = wrapper.application; includeInIndex = 0; path = GetWebSitePDF.app; sourceTree = BUILT_PRODUCTS_DIR; };
		D6867CB02B34E64700B114BC /* AppDelegate.swift */ = {isa = PBXFileReference; lastKnownFileType = sourcecode.swift; path = AppDelegate.swift; sourceTree = "<group>"; };
		D6867CB22B34E64700B114BC /* ViewController.swift */ = {isa = PBXFileReference; lastKnownFileType = sourcecode.swift; path = ViewController.swift; sourceTree = "<group>"; };
		D6867CB42B34E64800B114BC /* Assets.xcassets */ = {isa = PBXFileReference; lastKnownFileType = folder.assetcatalog; path = Assets.xcassets; sourceTree = "<group>"; };
		D6867CB72B34E64800B114BC /* Base */ = {isa = PBXFileReference; lastKnownFileType = file.storyboard; name = Base; path = Base.lproj/Main.storyboard; sourceTree = "<group>"; };
		D6867CB92B34E64800B114BC /* GetWebSitePDF.entitlements */ = {isa = PBXFileReference; lastKnownFileType = text.plist.entitlements; path = GetWebSitePDF.entitlements; sourceTree = "<group>"; };
		D6867CBE2B34E64800B114BC /* GetWebSitePDFTests.xctest */ = {isa = PBXFileReference; explicitFileType = wrapper.cfbundle; includeInIndex = 0; path = GetWebSitePDFTests.xctest; sourceTree = BUILT_PRODUCTS_DIR; };
		D6867CC22B34E64800B114BC /* GetWebSitePDFTests.swift */ = {isa = PBXFileReference; lastKnownFileType = sourcecode.swift; path = GetWebSitePDFTests.swift; sourceTree = "<group>"; };
		D6867CC82B34E64800B114BC /* GetWebSitePDFUITests.xctest */ = {isa = PBXFileReference; explicitFileType = wrapper.cfbundle; includeInIndex = 0; path = GetWebSitePDFUITests.xctest; sourceTree = BUILT_PRODUCTS_DIR; };
		D6867CCC2B34E64800B114BC /* GetWebSitePDFUITests.swift */ = {isa = PBXFileReference; lastKnownFileType = sourcecode.swift; path = GetWebSitePDFUITests.swift; sourceTree = "<group>"; };
		D6867CCE2B34E64800B114BC /* GetWebSitePDFUITestsLaunchTests.swift */ = {isa = PBXFileReference; lastKnownFileType = sourcecode.swift; path = GetWebSitePDFUITestsLaunchTests.swift; sourceTree = "<group>"; };
		D6867CDB2B34E7AD00B114BC /* WebViewKit.swift */ = {isa = PBXFileReference; lastKnownFileType = sourcecode.swift; path = WebViewKit.swift; sourceTree = "<group>"; };
/* End PBXFileReference section */

/* Begin PBXFrameworksBuildPhase section */
		D6867CAA2B34E64700B114BC /* Frameworks */ = {
			isa = PBXFrameworksBuildPhase;
			buildActionMask = 2147483647;
			files = (
			);
			runOnlyForDeploymentPostprocessing = 0;
		};
		D6867CBB2B34E64800B114BC /* Frameworks */ = {
			isa = PBXFrameworksBuildPhase;
			buildActionMask = 2147483647;
			files = (
			);
			runOnlyForDeploymentPostprocessing = 0;
		};
		D6867CC52B34E64800B114BC /* Frameworks */ = {
			isa = PBXFrameworksBuildPhase;
			buildActionMask = 2147483647;
			files = (
			);
			runOnlyForDeploymentPostprocessing = 0;
		};
/* End PBXFrameworksBuildPhase section */

/* Begin PBXGroup section */
		D6867CA42B34E64700B114BC = {
			isa = PBXGroup;
			children = (
				D6867CAF2B34E64700B114BC /* GetWebSitePDF */,
				D6867CC12B34E64800B114BC /* GetWebSitePDFTests */,
				D6867CCB2B34E64800B114BC /* GetWebSitePDFUITests */,
				D6867CAE2B34E64700B114BC /* Products */,
			);
			sourceTree = "<group>";
		};
		D6867CAE2B34E64700B114BC /* Products */ = {
			isa = PBXGroup;
			children = (
				D6867CAD2B34E64700B114BC /* GetWebSitePDF.app */,
				D6867CBE2B34E64800B114BC /* GetWebSitePDFTests.xctest */,
				D6867CC82B34E64800B114BC /* GetWebSitePDFUITests.xctest */,
			);
			name = Products;
			sourceTree = "<group>";
		};
		D6867CAF2B34E64700B114BC /* GetWebSitePDF */ = {
			isa = PBXGroup;
			children = (
				D6867CB02B34E64700B114BC /* AppDelegate.swift */,
				D6867CB22B34E64700B114BC /* ViewController.swift */,
				D6867CB42B34E64800B114BC /* Assets.xcassets */,
				D6867CB62B34E64800B114BC /* Main.storyboard */,
				D6867CB92B34E64800B114BC /* GetWebSitePDF.entitlements */,
				D6867CDB2B34E7AD00B114BC /* WebViewKit.swift */,
			);
			path = GetWebSitePDF;
			sourceTree = "<group>";
		};
		D6867CC12B34E64800B114BC /* GetWebSitePDFTests */ = {
			isa = PBXGroup;
			children = (
				D6867CC22B34E64800B114BC /* GetWebSitePDFTests.swift */,
			);
			path = GetWebSitePDFTests;
			sourceTree = "<group>";
		};
		D6867CCB2B34E64800B114BC /* GetWebSitePDFUITests */ = {
			isa = PBXGroup;
			children = (
				D6867CCC2B34E64800B114BC /* GetWebSitePDFUITests.swift */,
				D6867CCE2B34E64800B114BC /* GetWebSitePDFUITestsLaunchTests.swift */,
			);
			path = GetWebSitePDFUITests;
			sourceTree = "<group>";
		};
/* End PBXGroup section */

/* Begin PBXNativeTarget section */
		D6867CAC2B34E64700B114BC /* GetWebSitePDF */ = {
			isa = PBXNativeTarget;
			buildConfigurationList = D6867CD22B34E64800B114BC /* Build configuration list for PBXNativeTarget "GetWebSitePDF" */;
			buildPhases = (
				D6867CA92B34E64700B114BC /* Sources */,
				D6867CAA2B34E64700B114BC /* Frameworks */,
				D6867CAB2B34E64700B114BC /* Resources */,
			);
			buildRules = (
			);
			dependencies = (
			);
			name = GetWebSitePDF;
			productName = GetWebSitePDF;
			productReference = D6867CAD2B34E64700B114BC /* GetWebSitePDF.app */;
			productType = "com.apple.product-type.application";
		};
		D6867CBD2B34E64800B114BC /* GetWebSitePDFTests */ = {
			isa = PBXNativeTarget;
			buildConfigurationList = D6867CD52B34E64800B114BC /* Build configuration list for PBXNativeTarget "GetWebSitePDFTests" */;
			buildPhases = (
				D6867CBA2B34E64800B114BC /* Sources */,
				D6867CBB2B34E64800B114BC /* Frameworks */,
				D6867CBC2B34E64800B114BC /* Resources */,
			);
			buildRules = (
			);
			dependencies = (
				D6867CC02B34E64800B114BC /* PBXTargetDependency */,
			);
			name = GetWebSitePDFTests;
			productName = GetWebSitePDFTests;
			productReference = D6867CBE2B34E64800B114BC /* GetWebSitePDFTests.xctest */;
			productType = "com.apple.product-type.bundle.unit-test";
		};
		D6867CC72B34E64800B114BC /* GetWebSitePDFUITests */ = {
			isa = PBXNativeTarget;
			buildConfigurationList = D6867CD82B34E64800B114BC /* Build configuration list for PBXNativeTarget "GetWebSitePDFUITests" */;
			buildPhases = (
				D6867CC42B34E64800B114BC /* Sources */,
				D6867CC52B34E64800B114BC /* Frameworks */,
				D6867CC62B34E64800B114BC /* Resources */,
			);
			buildRules = (
			);
			dependencies = (
				D6867CCA2B34E64800B114BC /* PBXTargetDependency */,
			);
			name = GetWebSitePDFUITests;
			productName = GetWebSitePDFUITests;
			productReference = D6867CC82B34E64800B114BC /* GetWebSitePDFUITests.xctest */;
			productType = "com.apple.product-type.bundle.ui-testing";
		};
/* End PBXNativeTarget section */

/* Begin PBXProject section */
		D6867CA52B34E64700B114BC /* Project object */ = {
			isa = PBXProject;
			attributes = {
				BuildIndependentTargetsInParallel = 1;
				LastSwiftUpdateCheck = 1510;
				LastUpgradeCheck = 1510;
				TargetAttributes = {
					D6867CAC2B34E64700B114BC = {
						CreatedOnToolsVersion = 15.1;
					};
					D6867CBD2B34E64800B114BC = {
						CreatedOnToolsVersion = 15.1;
						TestTargetID = D6867CAC2B34E64700B114BC;
					};
					D6867CC72B34E64800B114BC = {
						CreatedOnToolsVersion = 15.1;
						TestTargetID = D6867CAC2B34E64700B114BC;
					};
				};
			};
			buildConfigurationList = D6867CA82B34E64700B114BC /* Build configuration list for PBXProject "GetWebSitePDF" */;
			compatibilityVersion = "Xcode 14.0";
			developmentRegion = en;
			hasScannedForEncodings = 0;
			knownRegions = (
				en,
				Base,
			);
			mainGroup = D6867CA42B34E64700B114BC;
			productRefGroup = D6867CAE2B34E64700B114BC /* Products */;
			projectDirPath = "";
			projectRoot = "";
			targets = (
				D6867CAC2B34E64700B114BC /* GetWebSitePDF */,
				D6867CBD2B34E64800B114BC /* GetWebSitePDFTests */,
				D6867CC72B34E64800B114BC /* GetWebSitePDFUITests */,
			);
		};
/* End PBXProject section */

/* Begin PBXResourcesBuildPhase section */
		D6867CAB2B34E64700B114BC /* Resources */ = {
			isa = PBXResourcesBuildPhase;
			buildActionMask = 2147483647;
			files = (
				D6867CB52B34E64800B114BC /* Assets.xcassets in Resources */,
				D6867CB82B34E64800B114BC /* Main.storyboard in Resources */,
			);
			runOnlyForDeploymentPostprocessing = 0;
		};
		D6867CBC2B34E64800B114BC /* Resources */ = {
			isa = PBXResourcesBuildPhase;
			buildActionMask = 2147483647;
			files = (
			);
			runOnlyForDeploymentPostprocessing = 0;
		};
		D6867CC62B34E64800B114BC /* Resources */ = {
			isa = PBXResourcesBuildPhase;
			buildActionMask = 2147483647;
			files = (
			);
			runOnlyForDeploymentPostprocessing = 0;
		};
/* End PBXResourcesBuildPhase section */

/* Begin PBXSourcesBuildPhase section */
		D6867CA92B34E64700B114BC /* Sources */ = {
			isa = PBXSourcesBuildPhase;
			buildActionMask = 2147483647;
			files = (
				D6867CB32B34E64700B114BC /* ViewController.swift in Sources */,
				D6867CDC2B34E7AD00B114BC /* WebViewKit.swift in Sources */,
				D6867CB12B34E64700B114BC /* AppDelegate.swift in Sources */,
			);
			runOnlyForDeploymentPostprocessing = 0;
		};
		D6867CBA2B34E64800B114BC /* Sources */ = {
			isa = PBXSourcesBuildPhase;
			buildActionMask = 2147483647;
			files = (
				D6867CC32B34E64800B114BC /* GetWebSitePDFTests.swift in Sources */,
			);
			runOnlyForDeploymentPostprocessing = 0;
		};
		D6867CC42B34E64800B114BC /* Sources */ = {
			isa = PBXSourcesBuildPhase;
			buildActionMask = 2147483647;
			files = (
				D6867CCF2B34E64800B114BC /* GetWebSitePDFUITestsLaunchTests.swift in Sources */,
				D6867CCD2B34E64800B114BC /* GetWebSitePDFUITests.swift in Sources */,
			);
			runOnlyForDeploymentPostprocessing = 0;
		};
/* End PBXSourcesBuildPhase section */

/* Begin PBXTargetDependency section */
		D6867CC02B34E64800B114BC /* PBXTargetDependency */ = {
			isa = PBXTargetDependency;
			target = D6867CAC2B34E64700B114BC /* GetWebSitePDF */;
			targetProxy = D6867CBF2B34E64800B114BC /* PBXContainerItemProxy */;
		};
		D6867CCA2B34E64800B114BC /* PBXTargetDependency */ = {
			isa = PBXTargetDependency;
			target = D6867CAC2B34E64700B114BC /* GetWebSitePDF */;
			targetProxy = D6867CC92B34E64800B114BC /* PBXContainerItemProxy */;
		};
/* End PBXTargetDependency section */

/* Begin PBXVariantGroup section */
		D6867CB62B34E64800B114BC /* Main.storyboard */ = {
			isa = PBXVariantGroup;
			children = (
				D6867CB72B34E64800B114BC /* Base */,
			);
			name = Main.storyboard;
			sourceTree = "<group>";
		};
/* End PBXVariantGroup section */

/* Begin XCBuildConfiguration section */
		D6867CD02B34E64800B114BC /* Debug */ = {
			isa = XCBuildConfiguration;
			buildSettings = {
				ALWAYS_SEARCH_USER_PATHS = NO;
				ASSETCATALOG_COMPILER_GENERATE_SWIFT_ASSET_SYMBOL_EXTENSIONS = YES;
				CLANG_ANALYZER_NONNULL = YES;
				CLANG_ANALYZER_NUMBER_OBJECT_CONVERSION = YES_AGGRESSIVE;
				CLANG_CXX_LANGUAGE_STANDARD = "gnu++20";
				CLANG_ENABLE_MODULES = YES;
				CLANG_ENABLE_OBJC_ARC = YES;
				CLANG_ENABLE_OBJC_WEAK = YES;
				CLANG_WARN_BLOCK_CAPTURE_AUTORELEASING = YES;
				CLANG_WARN_BOOL_CONVERSION = YES;
				CLANG_WARN_COMMA = YES;
				CLANG_WARN_CONSTANT_CONVERSION = YES;
				CLANG_WARN_DEPRECATED_OBJC_IMPLEMENTATIONS = YES;
				CLANG_WARN_DIRECT_OBJC_ISA_USAGE = YES_ERROR;
				CLANG_WARN_DOCUMENTATION_COMMENTS = YES;
				CLANG_WARN_EMPTY_BODY = YES;
				CLANG_WARN_ENUM_CONVERSION = YES;
				CLANG_WARN_INFINITE_RECURSION = YES;
				CLANG_WARN_INT_CONVERSION = YES;
				CLANG_WARN_NON_LITERAL_NULL_CONVERSION = YES;
				CLANG_WARN_OBJC_IMPLICIT_RETAIN_SELF = YES;
				CLANG_WARN_OBJC_LITERAL_CONVERSION = YES;
				CLANG_WARN_OBJC_ROOT_CLASS = YES_ERROR;
				CLANG_WARN_QUOTED_INCLUDE_IN_FRAMEWORK_HEADER = YES;
				CLANG_WARN_RANGE_LOOP_ANALYSIS = YES;
				CLANG_WARN_STRICT_PROTOTYPES = YES;
				CLANG_WARN_SUSPICIOUS_MOVE = YES;
				CLANG_WARN_UNGUARDED_AVAILABILITY = YES_AGGRESSIVE;
				CLANG_WARN_UNREACHABLE_CODE = YES;
				CLANG_WARN__DUPLICATE_METHOD_MATCH = YES;
				COPY_PHASE_STRIP = NO;
				DEBUG_INFORMATION_FORMAT = dwarf;
				ENABLE_STRICT_OBJC_MSGSEND = YES;
				ENABLE_TESTABILITY = YES;
				ENABLE_USER_SCRIPT_SANDBOXING = YES;
				GCC_C_LANGUAGE_STANDARD = gnu17;
				GCC_DYNAMIC_NO_PIC = NO;
				GCC_NO_COMMON_BLOCKS = YES;
				GCC_OPTIMIZATION_LEVEL = 0;
				GCC_PREPROCESSOR_DEFINITIONS = (
					"DEBUG=1",
					"$(inherited)",
				);
				GCC_WARN_64_TO_32_BIT_CONVERSION = YES;
				GCC_WARN_ABOUT_RETURN_TYPE = YES_ERROR;
				GCC_WARN_UNDECLARED_SELECTOR = YES;
				GCC_WARN_UNINITIALIZED_AUTOS = YES_AGGRESSIVE;
				GCC_WARN_UNUSED_FUNCTION = YES;
				GCC_WARN_UNUSED_VARIABLE = YES;
				LOCALIZATION_PREFERS_STRING_CATALOGS = YES;
				MACOSX_DEPLOYMENT_TARGET = 14.1;
				MTL_ENABLE_DEBUG_INFO = INCLUDE_SOURCE;
				MTL_FAST_MATH = YES;
				ONLY_ACTIVE_ARCH = YES;
				SDKROOT = macosx;
				SWIFT_ACTIVE_COMPILATION_CONDITIONS = "DEBUG $(inherited)";
				SWIFT_OPTIMIZATION_LEVEL = "-Onone";
			};
			name = Debug;
		};
		D6867CD12B34E64800B114BC /* Release */ = {
			isa = XCBuildConfiguration;
			buildSettings = {
				ALWAYS_SEARCH_USER_PATHS = NO;
				ASSETCATALOG_COMPILER_GENERATE_SWIFT_ASSET_SYMBOL_EXTENSIONS = YES;
				CLANG_ANALYZER_NONNULL = YES;
				CLANG_ANALYZER_NUMBER_OBJECT_CONVERSION = YES_AGGRESSIVE;
				CLANG_CXX_LANGUAGE_STANDARD = "gnu++20";
				CLANG_ENABLE_MODULES = YES;
				CLANG_ENABLE_OBJC_ARC = YES;
				CLANG_ENABLE_OBJC_WEAK = YES;
				CLANG_WARN_BLOCK_CAPTURE_AUTORELEASING = YES;
				CLANG_WARN_BOOL_CONVERSION = YES;
				CLANG_WARN_COMMA = YES;
				CLANG_WARN_CONSTANT_CONVERSION = YES;
				CLANG_WARN_DEPRECATED_OBJC_IMPLEMENTATIONS = YES;
				CLANG_WARN_DIRECT_OBJC_ISA_USAGE = YES_ERROR;
				CLANG_WARN_DOCUMENTATION_COMMENTS = YES;
				CLANG_WARN_EMPTY_BODY = YES;
				CLANG_WARN_ENUM_CONVERSION = YES;
				CLANG_WARN_INFINITE_RECURSION = YES;
				CLANG_WARN_INT_CONVERSION = YES;
				CLANG_WARN_NON_LITERAL_NULL_CONVERSION = YES;
				CLANG_WARN_OBJC_IMPLICIT_RETAIN_SELF = YES;
				CLANG_WARN_OBJC_LITERAL_CONVERSION = YES;
				CLANG_WARN_OBJC_ROOT_CLASS = YES_ERROR;
				CLANG_WARN_QUOTED_INCLUDE_IN_FRAMEWORK_HEADER = YES;
				CLANG_WARN_RANGE_LOOP_ANALYSIS = YES;
				CLANG_WARN_STRICT_PROTOTYPES = YES;
				CLANG_WARN_SUSPICIOUS_MOVE = YES;
				CLANG_WARN_UNGUARDED_AVAILABILITY = YES_AGGRESSIVE;
				CLANG_WARN_UNREACHABLE_CODE = YES;
				CLANG_WARN__DUPLICATE_METHOD_MATCH = YES;
				COPY_PHASE_STRIP = NO;
				DEBUG_INFORMATION_FORMAT = "dwarf-with-dsym";
				ENABLE_NS_ASSERTIONS = NO;
				ENABLE_STRICT_OBJC_MSGSEND = YES;
				ENABLE_USER_SCRIPT_SANDBOXING = YES;
				GCC_C_LANGUAGE_STANDARD = gnu17;
				GCC_NO_COMMON_BLOCKS = YES;
				GCC_WARN_64_TO_32_BIT_CONVERSION = YES;
				GCC_WARN_ABOUT_RETURN_TYPE = YES_ERROR;
				GCC_WARN_UNDECLARED_SELECTOR = YES;
				GCC_WARN_UNINITIALIZED_AUTOS = YES_AGGRESSIVE;
				GCC_WARN_UNUSED_FUNCTION = YES;
				GCC_WARN_UNUSED_VARIABLE = YES;
				LOCALIZATION_PREFERS_STRING_CATALOGS = YES;
				MACOSX_DEPLOYMENT_TARGET = 14.1;
				MTL_ENABLE_DEBUG_INFO = NO;
				MTL_FAST_MATH = YES;
				SDKROOT = macosx;
				SWIFT_COMPILATION_MODE = wholemodule;
			};
			name = Release;
		};
		D6867CD32B34E64800B114BC /* Debug */ = {
			isa = XCBuildConfiguration;
			buildSettings = {
				ASSETCATALOG_COMPILER_APPICON_NAME = AppIcon;
				ASSETCATALOG_COMPILER_GLOBAL_ACCENT_COLOR_NAME = AccentColor;
				CODE_SIGN_ENTITLEMENTS = GetWebSitePDF/GetWebSitePDF.entitlements;
				CODE_SIGN_STYLE = Automatic;
				COMBINE_HIDPI_IMAGES = YES;
				CURRENT_PROJECT_VERSION = 1;
				GENERATE_INFOPLIST_FILE = YES;
				INFOPLIST_KEY_NSHumanReadableCopyright = "";
				INFOPLIST_KEY_NSMainStoryboardFile = Main;
				INFOPLIST_KEY_NSPrincipalClass = NSApplication;
				LD_RUNPATH_SEARCH_PATHS = (
					"$(inherited)",
					"@executable_path/../Frameworks",
				);
				MARKETING_VERSION = 1.0;
				PRODUCT_BUNDLE_IDENTIFIER = com.template.GetWebSitePDF;
				PRODUCT_NAME = "$(TARGET_NAME)";
				SWIFT_EMIT_LOC_STRINGS = YES;
				SWIFT_VERSION = 5.0;
			};
			name = Debug;
		};
		D6867CD42B34E64800B114BC /* Release */ = {
			isa = XCBuildConfiguration;
			buildSettings = {
				ASSETCATALOG_COMPILER_APPICON_NAME = AppIcon;
				ASSETCATALOG_COMPILER_GLOBAL_ACCENT_COLOR_NAME = AccentColor;
				CODE_SIGN_ENTITLEMENTS = GetWebSitePDF/GetWebSitePDF.entitlements;
				CODE_SIGN_STYLE = Automatic;
				COMBINE_HIDPI_IMAGES = YES;
				CURRENT_PROJECT_VERSION = 1;
				GENERATE_INFOPLIST_FILE = YES;
				INFOPLIST_KEY_NSHumanReadableCopyright = "";
				INFOPLIST_KEY_NSMainStoryboardFile = Main;
				INFOPLIST_KEY_NSPrincipalClass = NSApplication;
				LD_RUNPATH_SEARCH_PATHS = (
					"$(inherited)",
					"@executable_path/../Frameworks",
				);
				MARKETING_VERSION = 1.0;
				PRODUCT_BUNDLE_IDENTIFIER = com.template.GetWebSitePDF;
				PRODUCT_NAME = "$(TARGET_NAME)";
				SWIFT_EMIT_LOC_STRINGS = YES;
				SWIFT_VERSION = 5.0;
			};
			name = Release;
		};
		D6867CD62B34E64800B114BC /* Debug */ = {
			isa = XCBuildConfiguration;
			buildSettings = {
				ALWAYS_EMBED_SWIFT_STANDARD_LIBRARIES = YES;
				BUNDLE_LOADER = "$(TEST_HOST)";
				CODE_SIGN_STYLE = Automatic;
				CURRENT_PROJECT_VERSION = 1;
				GENERATE_INFOPLIST_FILE = YES;
				MACOSX_DEPLOYMENT_TARGET = 14.1;
				MARKETING_VERSION = 1.0;
				PRODUCT_BUNDLE_IDENTIFIER = com.template.GetWebSitePDFTests;
				PRODUCT_NAME = "$(TARGET_NAME)";
				SWIFT_EMIT_LOC_STRINGS = NO;
				SWIFT_VERSION = 5.0;
				TEST_HOST = "$(BUILT_PRODUCTS_DIR)/GetWebSitePDF.app/$(BUNDLE_EXECUTABLE_FOLDER_PATH)/GetWebSitePDF";
			};
			name = Debug;
		};
		D6867CD72B34E64800B114BC /* Release */ = {
			isa = XCBuildConfiguration;
			buildSettings = {
				ALWAYS_EMBED_SWIFT_STANDARD_LIBRARIES = YES;
				BUNDLE_LOADER = "$(TEST_HOST)";
				CODE_SIGN_STYLE = Automatic;
				CURRENT_PROJECT_VERSION = 1;
				GENERATE_INFOPLIST_FILE = YES;
				MACOSX_DEPLOYMENT_TARGET = 14.1;
				MARKETING_VERSION = 1.0;
				PRODUCT_BUNDLE_IDENTIFIER = com.template.GetWebSitePDFTests;
				PRODUCT_NAME = "$(TARGET_NAME)";
				SWIFT_EMIT_LOC_STRINGS = NO;
				SWIFT_VERSION = 5.0;
				TEST_HOST = "$(BUILT_PRODUCTS_DIR)/GetWebSitePDF.app/$(BUNDLE_EXECUTABLE_FOLDER_PATH)/GetWebSitePDF";
			};
			name = Release;
		};
		D6867CD92B34E64800B114BC /* Debug */ = {
			isa = XCBuildConfiguration;
			buildSettings = {
				ALWAYS_EMBED_SWIFT_STANDARD_LIBRARIES = YES;
				CODE_SIGN_STYLE = Automatic;
				CURRENT_PROJECT_VERSION = 1;
				GENERATE_INFOPLIST_FILE = YES;
				MARKETING_VERSION = 1.0;
				PRODUCT_BUNDLE_IDENTIFIER = com.template.GetWebSitePDFUITests;
				PRODUCT_NAME = "$(TARGET_NAME)";
				SWIFT_EMIT_LOC_STRINGS = NO;
				SWIFT_VERSION = 5.0;
				TEST_TARGET_NAME = GetWebSitePDF;
			};
			name = Debug;
		};
		D6867CDA2B34E64800B114BC /* Release */ = {
			isa = XCBuildConfiguration;
			buildSettings = {
				ALWAYS_EMBED_SWIFT_STANDARD_LIBRARIES = YES;
				CODE_SIGN_STYLE = Automatic;
				CURRENT_PROJECT_VERSION = 1;
				GENERATE_INFOPLIST_FILE = YES;
				MARKETING_VERSION = 1.0;
				PRODUCT_BUNDLE_IDENTIFIER = com.template.GetWebSitePDFUITests;
				PRODUCT_NAME = "$(TARGET_NAME)";
				SWIFT_EMIT_LOC_STRINGS = NO;
				SWIFT_VERSION = 5.0;
				TEST_TARGET_NAME = GetWebSitePDF;
			};
			name = Release;
		};
/* End XCBuildConfiguration section */

/* Begin XCConfigurationList section */
		D6867CA82B34E64700B114BC /* Build configuration list for PBXProject "GetWebSitePDF" */ = {
			isa = XCConfigurationList;
			buildConfigurations = (
				D6867CD02B34E64800B114BC /* Debug */,
				D6867CD12B34E64800B114BC /* Release */,
			);
			defaultConfigurationIsVisible = 0;
			defaultConfigurationName = Release;
		};
		D6867CD22B34E64800B114BC /* Build configuration list for PBXNativeTarget "GetWebSitePDF" */ = {
			isa = XCConfigurationList;
			buildConfigurations = (
				D6867CD32B34E64800B114BC /* Debug */,
				D6867CD42B34E64800B114BC /* Release */,
			);
			defaultConfigurationIsVisible = 0;
			defaultConfigurationName = Release;
		};
		D6867CD52B34E64800B114BC /* Build configuration list for PBXNativeTarget "GetWebSitePDFTests" */ = {
			isa = XCConfigurationList;
			buildConfigurations = (
				D6867CD62B34E64800B114BC /* Debug */,
				D6867CD72B34E64800B114BC /* Release */,
			);
			defaultConfigurationIsVisible = 0;
			defaultConfigurationName = Release;
		};
		D6867CD82B34E64800B114BC /* Build configuration list for PBXNativeTarget "GetWebSitePDFUITests" */ = {
			isa = XCConfigurationList;
			buildConfigurations = (
				D6867CD92B34E64800B114BC /* Debug */,
				D6867CDA2B34E64800B114BC /* Release */,
			);
			defaultConfigurationIsVisible = 0;
			defaultConfigurationName = Release;
		};
/* End XCConfigurationList section */
	};
	rootObject = D6867CA52B34E64700B114BC /* Project object */;
}
